
Microsoft Visual Studio Solution File, Format Version 12.00
# Visual Studio Version 17
VisualStudioVersion = 17.1.32319.34
MinimumVisualStudioVersion = 10.0.40219.1
Project("{FAE04EC0-301F-11D3-BF4B-00C04F79EFBC}") = "TagsVSExtension", "ComponentsVSExtension\TagsVSExtension.csproj", "{11AB2153-64A4-4ADC-9E3C-05F1E768D441}"
EndProject
Project("{FAE04EC0-301F-11D3-BF4B-00C04F79EFBC}") = "RelativeFilePathUtils", "RelativeFilePathUtils\RelativeFilePathUtils.csproj", "{1763A61B-B101-4B5F-B100-5E2571CBA754}"
EndProject
Global
	GlobalSection(SolutionConfigurationPlatforms) = preSolution
		Debug|Any CPU = Debug|Any CPU
		Debug|x86 = Debug|x86
		Release|Any CPU = Release|Any CPU
		Release|x86 = Release|x86
	EndGlobalSection
	GlobalSection(ProjectConfigurationPlatforms) = postSolution
		{11AB2153-64A4-4ADC-9E3C-05F1E768D441}.Debug|Any CPU.ActiveCfg = Debug|Any CPU
		{11AB2153-64A4-4ADC-9E3C-05F1E768D441}.Debug|Any CPU.Build.0 = Debug|Any CPU
		{11AB2153-64A4-4ADC-9E3C-05F1E768D441}.Debug|x86.ActiveCfg = Debug|x86
		{11AB2153-64A4-4ADC-9E3C-05F1E768D441}.Debug|x86.Build.0 = Debug|x86
		{11AB2153-64A4-4ADC-9E3C-05F1E768D441}.Release|Any CPU.ActiveCfg = Release|Any CPU
		{11AB2153-64A4-4ADC-9E3C-05F1E768D441}.Release|Any CPU.Build.0 = Release|Any CPU
		{11AB2153-64A4-4ADC-9E3C-05F1E768D441}.Release|x86.ActiveCfg = Release|x86
		{11AB2153-64A4-4ADC-9E3C-05F1E768D441}.Release|x86.Build.0 = Release|x86
		{1763A61B-B101-4B5F-B100-5E2571CBA754}.Debug|Any CPU.ActiveCfg = Debug|Any CPU
		{1763A61B-B101-4B5F-B100-5E2571CBA754}.Debug|Any CPU.Build.0 = Debug|Any CPU
		{1763A61B-B101-4B5F-B100-5E2571CBA754}.Debug|x86.ActiveCfg = Debug|Any CPU
		{1763A61B-B101-4B5F-B100-5E2571CBA754}.Debug|x86.Build.0 = Debug|Any CPU
		{1763A61B-B101-4B5F-B100-5E2571CBA754}.Release|Any CPU.ActiveCfg = Release|Any CPU
		{1763A61B-B101-4B5F-B100-5E2571CBA754}.Release|Any CPU.Build.0 = Release|Any CPU
		{1763A61B-B101-4B5F-B100-5E2571CBA754}.Release|x86.ActiveCfg = Release|Any CPU
		{1763A61B-B101-4B5F-B100-5E2571CBA754}.Release|x86.Build.0 = Release|Any CPU
	EndGlobalSection
	GlobalSection(SolutionProperties) = preSolution
		HideSolutionNode = FALSE
	EndGlobalSection
	GlobalSection(ExtensibilityGlobals) = postSolution
		SolutionGuid = {6B4894AB-910F-4812-99EE-6B7D3235D35A}
	EndGlobalSection
EndGlobal
