
Microsoft Visual Studio Solution File, Format Version 12.00
# Visual Studio Version 16
VisualStudioVersion = 16.0.30804.86
MinimumVisualStudioVersion = 10.0.40219.1
Project("{FAE04EC0-301F-11D3-BF4B-00C04F79EFBC}") = "Maestro.Core", "Maestro.Core\Maestro.Core.csproj", "{EB9EE3C7-CB13-4F92-AB4C-B264F4B8955E}"
EndProject
Global
	GlobalSection(SolutionConfigurationPlatforms) = preSolution
		Debug|Any CPU = Debug|Any CPU
		Release|Any CPU = Release|Any CPU
	EndGlobalSection
	GlobalSection(ProjectConfigurationPlatforms) = postSolution
		{EB9EE3C7-CB13-4F92-AB4C-B264F4B8955E}.Debug|Any CPU.ActiveCfg = Debug|Any CPU
		{EB9EE3C7-CB13-4F92-AB4C-B264F4B8955E}.Debug|Any CPU.Build.0 = Debug|Any CPU
		{EB9EE3C7-CB13-4F92-AB4C-B264F4B8955E}.Release|Any CPU.ActiveCfg = Release|Any CPU
		{EB9EE3C7-CB13-4F92-AB4C-B264F4B8955E}.Release|Any CPU.Build.0 = Release|Any CPU
	EndGlobalSection
	GlobalSection(SolutionProperties) = preSolution
		HideSolutionNode = FALSE
	EndGlobalSection
	GlobalSection(ExtensibilityGlobals) = postSolution
		SolutionGuid = {6B4894AB-910F-4812-99EE-6B7D3235D35A}
	EndGlobalSection
EndGlobal
